
Microsoft Visual Studio Solution File, Format Version 12.00
# Visual Studio Version 16
VisualStudioVersion = 16.0.28803.452
MinimumVisualStudioVersion = 10.0.40219.1
Project("{FAE04EC0-301F-11D3-BF4B-00C04F79EFBC}") = "Tarea5", "Tarea5\Tarea5.csproj", "{893758C6-0574-44E5-804C-EDF89A0ED0CE}"
EndProject
Project("{FAE04EC0-301F-11D3-BF4B-00C04F79EFBC}") = "Tarea5.Tests", "Tarea5.Tests\Tarea5.Tests.csproj", "{9DC51855-857B-4D2B-AEC8-523D81B85702}"
EndProject
Project("{FAE04EC0-301F-11D3-BF4B-00C04F79EFBC}") = "Entidades", "Entidades\Entidades.csproj", "{729B7EFB-C8DC-4A99-8E19-5B080C00F451}"
EndProject
Project("{FAE04EC0-301F-11D3-BF4B-00C04F79EFBC}") = "DAL", "DAL\DAL.csproj", "{D68B49B1-BDC7-48FB-857B-C50A12BF1533}"
EndProject
Project("{FAE04EC0-301F-11D3-BF4B-00C04F79EFBC}") = "BLL", "BLL\BLL.csproj", "{79FB370E-046F-459D-B780-DC0999E75989}"
EndProject
Global
	GlobalSection(SolutionConfigurationPlatforms) = preSolution
		Debug|Any CPU = Debug|Any CPU
		Release|Any CPU = Release|Any CPU
	EndGlobalSection
	GlobalSection(ProjectConfigurationPlatforms) = postSolution
		{893758C6-0574-44E5-804C-EDF89A0ED0CE}.Debug|Any CPU.ActiveCfg = Debug|Any CPU
		{893758C6-0574-44E5-804C-EDF89A0ED0CE}.Debug|Any CPU.Build.0 = Debug|Any CPU
		{893758C6-0574-44E5-804C-EDF89A0ED0CE}.Release|Any CPU.ActiveCfg = Release|Any CPU
		{893758C6-0574-44E5-804C-EDF89A0ED0CE}.Release|Any CPU.Build.0 = Release|Any CPU
		{9DC51855-857B-4D2B-AEC8-523D81B85702}.Debug|Any CPU.ActiveCfg = Debug|Any CPU
		{9DC51855-857B-4D2B-AEC8-523D81B85702}.Debug|Any CPU.Build.0 = Debug|Any CPU
		{9DC51855-857B-4D2B-AEC8-523D81B85702}.Release|Any CPU.ActiveCfg = Release|Any CPU
		{9DC51855-857B-4D2B-AEC8-523D81B85702}.Release|Any CPU.Build.0 = Release|Any CPU
		{729B7EFB-C8DC-4A99-8E19-5B080C00F451}.Debug|Any CPU.ActiveCfg = Debug|Any CPU
		{729B7EFB-C8DC-4A99-8E19-5B080C00F451}.Debug|Any CPU.Build.0 = Debug|Any CPU
		{729B7EFB-C8DC-4A99-8E19-5B080C00F451}.Release|Any CPU.ActiveCfg = Release|Any CPU
		{729B7EFB-C8DC-4A99-8E19-5B080C00F451}.Release|Any CPU.Build.0 = Release|Any CPU
		{D68B49B1-BDC7-48FB-857B-C50A12BF1533}.Debug|Any CPU.ActiveCfg = Debug|Any CPU
		{D68B49B1-BDC7-48FB-857B-C50A12BF1533}.Debug|Any CPU.Build.0 = Debug|Any CPU
		{D68B49B1-BDC7-48FB-857B-C50A12BF1533}.Release|Any CPU.ActiveCfg = Release|Any CPU
		{D68B49B1-BDC7-48FB-857B-C50A12BF1533}.Release|Any CPU.Build.0 = Release|Any CPU
		{79FB370E-046F-459D-B780-DC0999E75989}.Debug|Any CPU.ActiveCfg = Debug|Any CPU
		{79FB370E-046F-459D-B780-DC0999E75989}.Debug|Any CPU.Build.0 = Debug|Any CPU
		{79FB370E-046F-459D-B780-DC0999E75989}.Release|Any CPU.ActiveCfg = Release|Any CPU
		{79FB370E-046F-459D-B780-DC0999E75989}.Release|Any CPU.Build.0 = Release|Any CPU
	EndGlobalSection
	GlobalSection(SolutionProperties) = preSolution
		HideSolutionNode = FALSE
	EndGlobalSection
	GlobalSection(ExtensibilityGlobals) = postSolution
		SolutionGuid = {213E9706-5604-4C7F-8F37-B050FB9BCBF5}
	EndGlobalSection
EndGlobal
